// !$*UTF8*$!
{
	archiveVersion = 1;
	classes = {
	};
	objectVersion = 52;
	objects = {

/* Begin PBXBuildFile section */
		4A82C9B6C3193F6266610BFF /* Pods_FillTheGaps_FillTheGapsUITests.framework in Frameworks */ = {isa = PBXBuildFile; fileRef = DD7EBDE746F218C08CBA3B53 /* Pods_FillTheGaps_FillTheGapsUITests.framework */; };
		7DE85B2C5DF28E08B5FE40BA /* Pods_FillTheGapsTests.framework in Frameworks */ = {isa = PBXBuildFile; fileRef = 11A39001CC7B7A7F35F315BD /* Pods_FillTheGapsTests.framework */; };
		AF116C47A022CB1AAA4F7D6A /* Pods_FillTheGaps.framework in Frameworks */ = {isa = PBXBuildFile; fileRef = C896D0629DF17EEBAA6CECBF /* Pods_FillTheGaps.framework */; };
		F42B882124C4314000AB8B75 /* SessionReducer.swift in Sources */ = {isa = PBXBuildFile; fileRef = F42B882024C4314000AB8B75 /* SessionReducer.swift */; };
		F4763BAD24C312C200E50528 /* CreateEvent.swift in Sources */ = {isa = PBXBuildFile; fileRef = F4763BAC24C312C200E50528 /* CreateEvent.swift */; };
		F4763BB024C31A1500E50528 /* RemoveEvent.swift in Sources */ = {isa = PBXBuildFile; fileRef = F4763BAF24C31A1500E50528 /* RemoveEvent.swift */; };
		F4763BB224C3262200E50528 /* EventReducer.swift in Sources */ = {isa = PBXBuildFile; fileRef = F4763BB124C3262200E50528 /* EventReducer.swift */; };
		F4763BBA24C34F9B00E50528 /* AppReducer.swift in Sources */ = {isa = PBXBuildFile; fileRef = F4763BB924C34F9B00E50528 /* AppReducer.swift */; };
		F483212924C22EAB0016D9FC /* GetCurrentUser.swift in Sources */ = {isa = PBXBuildFile; fileRef = F483212824C22EAB0016D9FC /* GetCurrentUser.swift */; };
		F483212B24C232BA0016D9FC /* GetCalendars.swift in Sources */ = {isa = PBXBuildFile; fileRef = F483212A24C232BA0016D9FC /* GetCalendars.swift */; };
		F48825FC24C384E200E20E77 /* CalendarReducer.swift in Sources */ = {isa = PBXBuildFile; fileRef = F48825FB24C384E200E20E77 /* CalendarReducer.swift */; };
		F49FDEF724C2113200DFC570 /* FillTheGapsApp.swift in Sources */ = {isa = PBXBuildFile; fileRef = F49FDEF624C2113200DFC570 /* FillTheGapsApp.swift */; };
		F49FDEF924C2113200DFC570 /* ListOfCalendarView.swift in Sources */ = {isa = PBXBuildFile; fileRef = F49FDEF824C2113200DFC570 /* ListOfCalendarView.swift */; };
		F49FDEFB24C2113200DFC570 /* Assets.xcassets in Resources */ = {isa = PBXBuildFile; fileRef = F49FDEFA24C2113200DFC570 /* Assets.xcassets */; };
		F49FDEFE24C2113200DFC570 /* Preview Assets.xcassets in Resources */ = {isa = PBXBuildFile; fileRef = F49FDEFD24C2113200DFC570 /* Preview Assets.xcassets */; };
		F49FDF0924C2113200DFC570 /* FillTheGapsTests.swift in Sources */ = {isa = PBXBuildFile; fileRef = F49FDF0824C2113200DFC570 /* FillTheGapsTests.swift */; };
		F49FDF1424C2113200DFC570 /* FillTheGapsUITests.swift in Sources */ = {isa = PBXBuildFile; fileRef = F49FDF1324C2113200DFC570 /* FillTheGapsUITests.swift */; };
		F49FDF2324C2124000DFC570 /* ComposableArchitecture in Frameworks */ = {isa = PBXBuildFile; productRef = F49FDF2224C2124000DFC570 /* ComposableArchitecture */; };
		F49FDF2424C2124000DFC570 /* ComposableArchitecture in Embed Frameworks */ = {isa = PBXBuildFile; productRef = F49FDF2224C2124000DFC570 /* ComposableArchitecture */; settings = {ATTRIBUTES = (CodeSignOnCopy, ); }; };
		F49FDF2B24C2186A00DFC570 /* GoogleAuthenticationControllerWrapper.swift in Sources */ = {isa = PBXBuildFile; fileRef = F49FDF2A24C2186A00DFC570 /* GoogleAuthenticationControllerWrapper.swift */; };
		F49FDF2D24C218CF00DFC570 /* GoogleAuthenticationController.swift in Sources */ = {isa = PBXBuildFile; fileRef = F49FDF2C24C218CF00DFC570 /* GoogleAuthenticationController.swift */; };
		F4D5D43424C2CCC8000A97B7 /* Logout.swift in Sources */ = {isa = PBXBuildFile; fileRef = F4D5D43324C2CCC8000A97B7 /* Logout.swift */; };
		F4D5D43624C2CDC6000A97B7 /* GetCalendarEvents.swift in Sources */ = {isa = PBXBuildFile; fileRef = F4D5D43524C2CDC6000A97B7 /* GetCalendarEvents.swift */; };
		F4D5D43824C2CF83000A97B7 /* ListOfEventsView.swift in Sources */ = {isa = PBXBuildFile; fileRef = F4D5D43724C2CF83000A97B7 /* ListOfEventsView.swift */; };
		F4D5D43B24C2DC40000A97B7 /* Event.swift in Sources */ = {isa = PBXBuildFile; fileRef = F4D5D43A24C2DC40000A97B7 /* Event.swift */; };
		F4D5D43D24C2DC98000A97B7 /* Event+GTLRCalendar_Event.swift in Sources */ = {isa = PBXBuildFile; fileRef = F4D5D43C24C2DC98000A97B7 /* Event+GTLRCalendar_Event.swift */; };
		F4ED7AE324C4BA0B00D708A3 /* Calendar.swift in Sources */ = {isa = PBXBuildFile; fileRef = F4ED7AE224C4BA0B00D708A3 /* Calendar.swift */; };
		F4ED7AE724C4BA6400D708A3 /* Calendar+GTLRCalendar_CalendarListEntry.swift in Sources */ = {isa = PBXBuildFile; fileRef = F4ED7AE624C4BA6400D708A3 /* Calendar+GTLRCalendar_CalendarListEntry.swift */; };
/* End PBXBuildFile section */

/* Begin PBXContainerItemProxy section */
		F49FDF0524C2113200DFC570 /* PBXContainerItemProxy */ = {
			isa = PBXContainerItemProxy;
			containerPortal = F49FDEEB24C2113100DFC570 /* Project object */;
			proxyType = 1;
			remoteGlobalIDString = F49FDEF224C2113100DFC570;
			remoteInfo = FillTheGaps;
		};
		F49FDF1024C2113200DFC570 /* PBXContainerItemProxy */ = {
			isa = PBXContainerItemProxy;
			containerPortal = F49FDEEB24C2113100DFC570 /* Project object */;
			proxyType = 1;
			remoteGlobalIDString = F49FDEF224C2113100DFC570;
			remoteInfo = FillTheGaps;
		};
/* End PBXContainerItemProxy section */

/* Begin PBXCopyFilesBuildPhase section */
		F49FDF2524C2124100DFC570 /* Embed Frameworks */ = {
			isa = PBXCopyFilesBuildPhase;
			buildActionMask = 2147483647;
			dstPath = "";
			dstSubfolderSpec = 10;
			files = (
				F49FDF2424C2124000DFC570 /* ComposableArchitecture in Embed Frameworks */,
			);
			name = "Embed Frameworks";
			runOnlyForDeploymentPostprocessing = 0;
		};
/* End PBXCopyFilesBuildPhase section */

/* Begin PBXFileReference section */
		0AF38598EBB200A188363F29 /* Pods-FillTheGaps-FillTheGapsUITests.release.xcconfig */ = {isa = PBXFileReference; includeInIndex = 1; lastKnownFileType = text.xcconfig; name = "Pods-FillTheGaps-FillTheGapsUITests.release.xcconfig"; path = "Target Support Files/Pods-FillTheGaps-FillTheGapsUITests/Pods-FillTheGaps-FillTheGapsUITests.release.xcconfig"; sourceTree = "<group>"; };
		11A39001CC7B7A7F35F315BD /* Pods_FillTheGapsTests.framework */ = {isa = PBXFileReference; explicitFileType = wrapper.framework; includeInIndex = 0; path = Pods_FillTheGapsTests.framework; sourceTree = BUILT_PRODUCTS_DIR; };
		6618DBD540ACD35A11639788 /* Pods-FillTheGapsTests.debug.xcconfig */ = {isa = PBXFileReference; includeInIndex = 1; lastKnownFileType = text.xcconfig; name = "Pods-FillTheGapsTests.debug.xcconfig"; path = "Target Support Files/Pods-FillTheGapsTests/Pods-FillTheGapsTests.debug.xcconfig"; sourceTree = "<group>"; };
		ACB66D09034D545915B246CB /* Pods-FillTheGaps.release.xcconfig */ = {isa = PBXFileReference; includeInIndex = 1; lastKnownFileType = text.xcconfig; name = "Pods-FillTheGaps.release.xcconfig"; path = "Target Support Files/Pods-FillTheGaps/Pods-FillTheGaps.release.xcconfig"; sourceTree = "<group>"; };
		B71B5487132863EF72279DBA /* Pods-FillTheGapsTests.release.xcconfig */ = {isa = PBXFileReference; includeInIndex = 1; lastKnownFileType = text.xcconfig; name = "Pods-FillTheGapsTests.release.xcconfig"; path = "Target Support Files/Pods-FillTheGapsTests/Pods-FillTheGapsTests.release.xcconfig"; sourceTree = "<group>"; };
		B7BE5EFD08516CCFD26E6DD6 /* Pods-FillTheGaps-FillTheGapsUITests.debug.xcconfig */ = {isa = PBXFileReference; includeInIndex = 1; lastKnownFileType = text.xcconfig; name = "Pods-FillTheGaps-FillTheGapsUITests.debug.xcconfig"; path = "Target Support Files/Pods-FillTheGaps-FillTheGapsUITests/Pods-FillTheGaps-FillTheGapsUITests.debug.xcconfig"; sourceTree = "<group>"; };
		C896D0629DF17EEBAA6CECBF /* Pods_FillTheGaps.framework */ = {isa = PBXFileReference; explicitFileType = wrapper.framework; includeInIndex = 0; path = Pods_FillTheGaps.framework; sourceTree = BUILT_PRODUCTS_DIR; };
		DD7EBDE746F218C08CBA3B53 /* Pods_FillTheGaps_FillTheGapsUITests.framework */ = {isa = PBXFileReference; explicitFileType = wrapper.framework; includeInIndex = 0; path = Pods_FillTheGaps_FillTheGapsUITests.framework; sourceTree = BUILT_PRODUCTS_DIR; };
		F07D334E09CDF15B7F377402 /* Pods-FillTheGaps.debug.xcconfig */ = {isa = PBXFileReference; includeInIndex = 1; lastKnownFileType = text.xcconfig; name = "Pods-FillTheGaps.debug.xcconfig"; path = "Target Support Files/Pods-FillTheGaps/Pods-FillTheGaps.debug.xcconfig"; sourceTree = "<group>"; };
		F42B882024C4314000AB8B75 /* SessionReducer.swift */ = {isa = PBXFileReference; lastKnownFileType = sourcecode.swift; path = SessionReducer.swift; sourceTree = "<group>"; };
		F4763BAC24C312C200E50528 /* CreateEvent.swift */ = {isa = PBXFileReference; lastKnownFileType = sourcecode.swift; path = CreateEvent.swift; sourceTree = "<group>"; };
		F4763BAF24C31A1500E50528 /* RemoveEvent.swift */ = {isa = PBXFileReference; lastKnownFileType = sourcecode.swift; path = RemoveEvent.swift; sourceTree = "<group>"; };
		F4763BB124C3262200E50528 /* EventReducer.swift */ = {isa = PBXFileReference; lastKnownFileType = sourcecode.swift; path = EventReducer.swift; sourceTree = "<group>"; };
		F4763BB924C34F9B00E50528 /* AppReducer.swift */ = {isa = PBXFileReference; lastKnownFileType = sourcecode.swift; path = AppReducer.swift; sourceTree = "<group>"; };
		F483212424C223CC0016D9FC /* FillTheGaps-Bridging-Header.h */ = {isa = PBXFileReference; lastKnownFileType = sourcecode.c.h; path = "FillTheGaps-Bridging-Header.h"; sourceTree = "<group>"; };
		F483212824C22EAB0016D9FC /* GetCurrentUser.swift */ = {isa = PBXFileReference; lastKnownFileType = sourcecode.swift; path = GetCurrentUser.swift; sourceTree = "<group>"; };
		F483212A24C232BA0016D9FC /* GetCalendars.swift */ = {isa = PBXFileReference; lastKnownFileType = sourcecode.swift; path = GetCalendars.swift; sourceTree = "<group>"; };
		F48825FB24C384E200E20E77 /* CalendarReducer.swift */ = {isa = PBXFileReference; lastKnownFileType = sourcecode.swift; path = CalendarReducer.swift; sourceTree = "<group>"; };
		F49FDEF324C2113100DFC570 /* FillTheGaps.app */ = {isa = PBXFileReference; explicitFileType = wrapper.application; includeInIndex = 0; path = FillTheGaps.app; sourceTree = BUILT_PRODUCTS_DIR; };
		F49FDEF624C2113200DFC570 /* FillTheGapsApp.swift */ = {isa = PBXFileReference; lastKnownFileType = sourcecode.swift; path = FillTheGapsApp.swift; sourceTree = "<group>"; };
		F49FDEF824C2113200DFC570 /* ListOfCalendarView.swift */ = {isa = PBXFileReference; lastKnownFileType = sourcecode.swift; path = ListOfCalendarView.swift; sourceTree = "<group>"; };
		F49FDEFA24C2113200DFC570 /* Assets.xcassets */ = {isa = PBXFileReference; lastKnownFileType = folder.assetcatalog; path = Assets.xcassets; sourceTree = "<group>"; };
		F49FDEFD24C2113200DFC570 /* Preview Assets.xcassets */ = {isa = PBXFileReference; lastKnownFileType = folder.assetcatalog; path = "Preview Assets.xcassets"; sourceTree = "<group>"; };
		F49FDEFF24C2113200DFC570 /* Info.plist */ = {isa = PBXFileReference; lastKnownFileType = text.plist.xml; path = Info.plist; sourceTree = "<group>"; };
		F49FDF0424C2113200DFC570 /* FillTheGapsTests.xctest */ = {isa = PBXFileReference; explicitFileType = wrapper.cfbundle; includeInIndex = 0; path = FillTheGapsTests.xctest; sourceTree = BUILT_PRODUCTS_DIR; };
		F49FDF0824C2113200DFC570 /* FillTheGapsTests.swift */ = {isa = PBXFileReference; lastKnownFileType = sourcecode.swift; path = FillTheGapsTests.swift; sourceTree = "<group>"; };
		F49FDF0A24C2113200DFC570 /* Info.plist */ = {isa = PBXFileReference; lastKnownFileType = text.plist.xml; path = Info.plist; sourceTree = "<group>"; };
		F49FDF0F24C2113200DFC570 /* FillTheGapsUITests.xctest */ = {isa = PBXFileReference; explicitFileType = wrapper.cfbundle; includeInIndex = 0; path = FillTheGapsUITests.xctest; sourceTree = BUILT_PRODUCTS_DIR; };
		F49FDF1324C2113200DFC570 /* FillTheGapsUITests.swift */ = {isa = PBXFileReference; lastKnownFileType = sourcecode.swift; path = FillTheGapsUITests.swift; sourceTree = "<group>"; };
		F49FDF1524C2113200DFC570 /* Info.plist */ = {isa = PBXFileReference; lastKnownFileType = text.plist.xml; path = Info.plist; sourceTree = "<group>"; };
		F49FDF2A24C2186A00DFC570 /* GoogleAuthenticationControllerWrapper.swift */ = {isa = PBXFileReference; lastKnownFileType = sourcecode.swift; path = GoogleAuthenticationControllerWrapper.swift; sourceTree = "<group>"; };
		F49FDF2C24C218CF00DFC570 /* GoogleAuthenticationController.swift */ = {isa = PBXFileReference; lastKnownFileType = sourcecode.swift; path = GoogleAuthenticationController.swift; sourceTree = "<group>"; };
		F4D5D43324C2CCC8000A97B7 /* Logout.swift */ = {isa = PBXFileReference; lastKnownFileType = sourcecode.swift; path = Logout.swift; sourceTree = "<group>"; };
		F4D5D43524C2CDC6000A97B7 /* GetCalendarEvents.swift */ = {isa = PBXFileReference; lastKnownFileType = sourcecode.swift; path = GetCalendarEvents.swift; sourceTree = "<group>"; };
		F4D5D43724C2CF83000A97B7 /* ListOfEventsView.swift */ = {isa = PBXFileReference; lastKnownFileType = sourcecode.swift; path = ListOfEventsView.swift; sourceTree = "<group>"; };
		F4D5D43A24C2DC40000A97B7 /* Event.swift */ = {isa = PBXFileReference; lastKnownFileType = sourcecode.swift; path = Event.swift; sourceTree = "<group>"; };
		F4D5D43C24C2DC98000A97B7 /* Event+GTLRCalendar_Event.swift */ = {isa = PBXFileReference; lastKnownFileType = sourcecode.swift; path = "Event+GTLRCalendar_Event.swift"; sourceTree = "<group>"; };
		F4ED7AE224C4BA0B00D708A3 /* Calendar.swift */ = {isa = PBXFileReference; lastKnownFileType = sourcecode.swift; path = Calendar.swift; sourceTree = "<group>"; };
		F4ED7AE624C4BA6400D708A3 /* Calendar+GTLRCalendar_CalendarListEntry.swift */ = {isa = PBXFileReference; lastKnownFileType = sourcecode.swift; path = "Calendar+GTLRCalendar_CalendarListEntry.swift"; sourceTree = "<group>"; };
/* End PBXFileReference section */

/* Begin PBXFrameworksBuildPhase section */
		F49FDEF024C2113100DFC570 /* Frameworks */ = {
			isa = PBXFrameworksBuildPhase;
			buildActionMask = 2147483647;
			files = (
				F49FDF2324C2124000DFC570 /* ComposableArchitecture in Frameworks */,
				AF116C47A022CB1AAA4F7D6A /* Pods_FillTheGaps.framework in Frameworks */,
			);
			runOnlyForDeploymentPostprocessing = 0;
		};
		F49FDF0124C2113200DFC570 /* Frameworks */ = {
			isa = PBXFrameworksBuildPhase;
			buildActionMask = 2147483647;
			files = (
				7DE85B2C5DF28E08B5FE40BA /* Pods_FillTheGapsTests.framework in Frameworks */,
			);
			runOnlyForDeploymentPostprocessing = 0;
		};
		F49FDF0C24C2113200DFC570 /* Frameworks */ = {
			isa = PBXFrameworksBuildPhase;
			buildActionMask = 2147483647;
			files = (
				4A82C9B6C3193F6266610BFF /* Pods_FillTheGaps_FillTheGapsUITests.framework in Frameworks */,
			);
			runOnlyForDeploymentPostprocessing = 0;
		};
/* End PBXFrameworksBuildPhase section */

/* Begin PBXGroup section */
		077790BA60A14CF470EB57EF /* Pods */ = {
			isa = PBXGroup;
			children = (
				F07D334E09CDF15B7F377402 /* Pods-FillTheGaps.debug.xcconfig */,
				ACB66D09034D545915B246CB /* Pods-FillTheGaps.release.xcconfig */,
				B7BE5EFD08516CCFD26E6DD6 /* Pods-FillTheGaps-FillTheGapsUITests.debug.xcconfig */,
				0AF38598EBB200A188363F29 /* Pods-FillTheGaps-FillTheGapsUITests.release.xcconfig */,
				6618DBD540ACD35A11639788 /* Pods-FillTheGapsTests.debug.xcconfig */,
				B71B5487132863EF72279DBA /* Pods-FillTheGapsTests.release.xcconfig */,
			);
			path = Pods;
			sourceTree = "<group>";
		};
		B3A3EFDB2FC9B8D8AC33D9A1 /* Frameworks */ = {
			isa = PBXGroup;
			children = (
				C896D0629DF17EEBAA6CECBF /* Pods_FillTheGaps.framework */,
				DD7EBDE746F218C08CBA3B53 /* Pods_FillTheGaps_FillTheGapsUITests.framework */,
				11A39001CC7B7A7F35F315BD /* Pods_FillTheGapsTests.framework */,
			);
			name = Frameworks;
			sourceTree = "<group>";
		};
		F4763BAE24C319EF00E50528 /* Views */ = {
			isa = PBXGroup;
			children = (
				F48825FE24C3850500E20E77 /* Calendar */,
				F48825FD24C384FA00E20E77 /* Event */,
			);
			path = Views;
			sourceTree = "<group>";
		};
		F483212724C22E9E0016D9FC /* Effects */ = {
			isa = PBXGroup;
			children = (
				F483212824C22EAB0016D9FC /* GetCurrentUser.swift */,
				F483212A24C232BA0016D9FC /* GetCalendars.swift */,
				F4D5D43524C2CDC6000A97B7 /* GetCalendarEvents.swift */,
				F4763BAC24C312C200E50528 /* CreateEvent.swift */,
				F4763BAF24C31A1500E50528 /* RemoveEvent.swift */,
				F4D5D43324C2CCC8000A97B7 /* Logout.swift */,
			);
			path = Effects;
			sourceTree = "<group>";
		};
		F48825FD24C384FA00E20E77 /* Event */ = {
			isa = PBXGroup;
			children = (
				F4D5D43724C2CF83000A97B7 /* ListOfEventsView.swift */,
				F4763BB124C3262200E50528 /* EventReducer.swift */,
			);
			path = Event;
			sourceTree = "<group>";
		};
		F48825FE24C3850500E20E77 /* Calendar */ = {
			isa = PBXGroup;
			children = (
				F49FDEF824C2113200DFC570 /* ListOfCalendarView.swift */,
				F48825FB24C384E200E20E77 /* CalendarReducer.swift */,
				F42B882024C4314000AB8B75 /* SessionReducer.swift */,
			);
			path = Calendar;
			sourceTree = "<group>";
		};
		F49FDEEA24C2113100DFC570 = {
			isa = PBXGroup;
			children = (
				F49FDEF524C2113100DFC570 /* FillTheGaps */,
				F49FDF0724C2113200DFC570 /* FillTheGapsTests */,
				F49FDF1224C2113200DFC570 /* FillTheGapsUITests */,
				F49FDEF424C2113100DFC570 /* Products */,
				077790BA60A14CF470EB57EF /* Pods */,
				B3A3EFDB2FC9B8D8AC33D9A1 /* Frameworks */,
			);
			sourceTree = "<group>";
		};
		F49FDEF424C2113100DFC570 /* Products */ = {
			isa = PBXGroup;
			children = (
				F49FDEF324C2113100DFC570 /* FillTheGaps.app */,
				F49FDF0424C2113200DFC570 /* FillTheGapsTests.xctest */,
				F49FDF0F24C2113200DFC570 /* FillTheGapsUITests.xctest */,
			);
			name = Products;
			sourceTree = "<group>";
		};
		F49FDEF524C2113100DFC570 /* FillTheGaps */ = {
			isa = PBXGroup;
			children = (
				F49FDEF624C2113200DFC570 /* FillTheGapsApp.swift */,
				F4763BB924C34F9B00E50528 /* AppReducer.swift */,
				F4763BAE24C319EF00E50528 /* Views */,
				F4D5D43924C2DC3A000A97B7 /* Models */,
				F483212724C22E9E0016D9FC /* Effects */,
				F49FDF2E24C21A1F00DFC570 /* GoogleAuthentication */,
				F49FDEFA24C2113200DFC570 /* Assets.xcassets */,
				F49FDEFF24C2113200DFC570 /* Info.plist */,
				F49FDEFC24C2113200DFC570 /* Preview Content */,
			);
			path = FillTheGaps;
			sourceTree = "<group>";
		};
		F49FDEFC24C2113200DFC570 /* Preview Content */ = {
			isa = PBXGroup;
			children = (
				F49FDEFD24C2113200DFC570 /* Preview Assets.xcassets */,
			);
			path = "Preview Content";
			sourceTree = "<group>";
		};
		F49FDF0724C2113200DFC570 /* FillTheGapsTests */ = {
			isa = PBXGroup;
			children = (
				F49FDF0824C2113200DFC570 /* FillTheGapsTests.swift */,
				F49FDF0A24C2113200DFC570 /* Info.plist */,
			);
			path = FillTheGapsTests;
			sourceTree = "<group>";
		};
		F49FDF1224C2113200DFC570 /* FillTheGapsUITests */ = {
			isa = PBXGroup;
			children = (
				F49FDF1324C2113200DFC570 /* FillTheGapsUITests.swift */,
				F49FDF1524C2113200DFC570 /* Info.plist */,
			);
			path = FillTheGapsUITests;
			sourceTree = "<group>";
		};
		F49FDF2E24C21A1F00DFC570 /* GoogleAuthentication */ = {
			isa = PBXGroup;
			children = (
				F49FDF2F24C21A2A00DFC570 /* View */,
			);
			path = GoogleAuthentication;
			sourceTree = "<group>";
		};
		F49FDF2F24C21A2A00DFC570 /* View */ = {
			isa = PBXGroup;
			children = (
				F49FDF2C24C218CF00DFC570 /* GoogleAuthenticationController.swift */,
				F49FDF2A24C2186A00DFC570 /* GoogleAuthenticationControllerWrapper.swift */,
				F483212424C223CC0016D9FC /* FillTheGaps-Bridging-Header.h */,
			);
			path = View;
			sourceTree = "<group>";
		};
		F4D5D43924C2DC3A000A97B7 /* Models */ = {
			isa = PBXGroup;
			children = (
				F4ED7AE524C4BA2C00D708A3 /* Calendar */,
				F4ED7AE424C4BA1800D708A3 /* Event */,
			);
			path = Models;
			sourceTree = "<group>";
		};
		F4ED7AE424C4BA1800D708A3 /* Event */ = {
			isa = PBXGroup;
			children = (
				F4D5D43A24C2DC40000A97B7 /* Event.swift */,
				F4D5D43C24C2DC98000A97B7 /* Event+GTLRCalendar_Event.swift */,
			);
			path = Event;
			sourceTree = "<group>";
		};
		F4ED7AE524C4BA2C00D708A3 /* Calendar */ = {
			isa = PBXGroup;
			children = (
				F4ED7AE224C4BA0B00D708A3 /* Calendar.swift */,
				F4ED7AE624C4BA6400D708A3 /* Calendar+GTLRCalendar_CalendarListEntry.swift */,
			);
			path = Calendar;
			sourceTree = "<group>";
		};
/* End PBXGroup section */

/* Begin PBXNativeTarget section */
		F49FDEF224C2113100DFC570 /* FillTheGaps */ = {
			isa = PBXNativeTarget;
			buildConfigurationList = F49FDF1824C2113200DFC570 /* Build configuration list for PBXNativeTarget "FillTheGaps" */;
			buildPhases = (
				4BAFCB86E8E9217AE987CB2D /* [CP] Check Pods Manifest.lock */,
				F49FDEEF24C2113100DFC570 /* Sources */,
				F49FDEF024C2113100DFC570 /* Frameworks */,
				F49FDEF124C2113100DFC570 /* Resources */,
				F49FDF2524C2124100DFC570 /* Embed Frameworks */,
				B606EB3E2201B9BBB7A5EC6B /* [CP] Embed Pods Frameworks */,
				334C4C2CDF5BA8507EA0B1E3 /* [CP] Copy Pods Resources */,
			);
			buildRules = (
			);
			dependencies = (
			);
			name = FillTheGaps;
			packageProductDependencies = (
				F49FDF2224C2124000DFC570 /* ComposableArchitecture */,
			);
			productName = FillTheGaps;
			productReference = F49FDEF324C2113100DFC570 /* FillTheGaps.app */;
			productType = "com.apple.product-type.application";
		};
		F49FDF0324C2113200DFC570 /* FillTheGapsTests */ = {
			isa = PBXNativeTarget;
			buildConfigurationList = F49FDF1B24C2113200DFC570 /* Build configuration list for PBXNativeTarget "FillTheGapsTests" */;
			buildPhases = (
				F6FE84B238E31D159670842A /* [CP] Check Pods Manifest.lock */,
				F49FDF0024C2113200DFC570 /* Sources */,
				F49FDF0124C2113200DFC570 /* Frameworks */,
				F49FDF0224C2113200DFC570 /* Resources */,
			);
			buildRules = (
			);
			dependencies = (
				F49FDF0624C2113200DFC570 /* PBXTargetDependency */,
			);
			name = FillTheGapsTests;
			productName = FillTheGapsTests;
			productReference = F49FDF0424C2113200DFC570 /* FillTheGapsTests.xctest */;
			productType = "com.apple.product-type.bundle.unit-test";
		};
		F49FDF0E24C2113200DFC570 /* FillTheGapsUITests */ = {
			isa = PBXNativeTarget;
			buildConfigurationList = F49FDF1E24C2113200DFC570 /* Build configuration list for PBXNativeTarget "FillTheGapsUITests" */;
			buildPhases = (
				3CD0A223CD8D8779DFB50481 /* [CP] Check Pods Manifest.lock */,
				F49FDF0B24C2113200DFC570 /* Sources */,
				F49FDF0C24C2113200DFC570 /* Frameworks */,
				F49FDF0D24C2113200DFC570 /* Resources */,
				A29A194952FD8D863E3A05F4 /* [CP] Embed Pods Frameworks */,
				F29BAABB31F1534341079F64 /* [CP] Copy Pods Resources */,
			);
			buildRules = (
			);
			dependencies = (
				F49FDF1124C2113200DFC570 /* PBXTargetDependency */,
			);
			name = FillTheGapsUITests;
			productName = FillTheGapsUITests;
			productReference = F49FDF0F24C2113200DFC570 /* FillTheGapsUITests.xctest */;
			productType = "com.apple.product-type.bundle.ui-testing";
		};
/* End PBXNativeTarget section */

/* Begin PBXProject section */
		F49FDEEB24C2113100DFC570 /* Project object */ = {
			isa = PBXProject;
			attributes = {
				LastSwiftUpdateCheck = 1200;
				LastUpgradeCheck = 1200;
				TargetAttributes = {
					F49FDEF224C2113100DFC570 = {
						CreatedOnToolsVersion = 12.0;
						LastSwiftMigration = 1200;
					};
					F49FDF0324C2113200DFC570 = {
						CreatedOnToolsVersion = 12.0;
						TestTargetID = F49FDEF224C2113100DFC570;
					};
					F49FDF0E24C2113200DFC570 = {
						CreatedOnToolsVersion = 12.0;
						TestTargetID = F49FDEF224C2113100DFC570;
					};
				};
			};
			buildConfigurationList = F49FDEEE24C2113100DFC570 /* Build configuration list for PBXProject "FillTheGaps" */;
			compatibilityVersion = "Xcode 9.3";
			developmentRegion = en;
			hasScannedForEncodings = 0;
			knownRegions = (
				en,
				Base,
			);
			mainGroup = F49FDEEA24C2113100DFC570;
			packageReferences = (
				F49FDF2124C2124000DFC570 /* XCRemoteSwiftPackageReference "swift-composable-architecture" */,
			);
			productRefGroup = F49FDEF424C2113100DFC570 /* Products */;
			projectDirPath = "";
			projectRoot = "";
			targets = (
				F49FDEF224C2113100DFC570 /* FillTheGaps */,
				F49FDF0324C2113200DFC570 /* FillTheGapsTests */,
				F49FDF0E24C2113200DFC570 /* FillTheGapsUITests */,
			);
		};
/* End PBXProject section */

/* Begin PBXResourcesBuildPhase section */
		F49FDEF124C2113100DFC570 /* Resources */ = {
			isa = PBXResourcesBuildPhase;
			buildActionMask = 2147483647;
			files = (
				F49FDEFE24C2113200DFC570 /* Preview Assets.xcassets in Resources */,
				F49FDEFB24C2113200DFC570 /* Assets.xcassets in Resources */,
			);
			runOnlyForDeploymentPostprocessing = 0;
		};
		F49FDF0224C2113200DFC570 /* Resources */ = {
			isa = PBXResourcesBuildPhase;
			buildActionMask = 2147483647;
			files = (
			);
			runOnlyForDeploymentPostprocessing = 0;
		};
		F49FDF0D24C2113200DFC570 /* Resources */ = {
			isa = PBXResourcesBuildPhase;
			buildActionMask = 2147483647;
			files = (
			);
			runOnlyForDeploymentPostprocessing = 0;
		};
/* End PBXResourcesBuildPhase section */

/* Begin PBXShellScriptBuildPhase section */
		334C4C2CDF5BA8507EA0B1E3 /* [CP] Copy Pods Resources */ = {
			isa = PBXShellScriptBuildPhase;
			buildActionMask = 2147483647;
			files = (
			);
			inputFileListPaths = (
				"${PODS_ROOT}/Target Support Files/Pods-FillTheGaps/Pods-FillTheGaps-resources-${CONFIGURATION}-input-files.xcfilelist",
			);
			name = "[CP] Copy Pods Resources";
			outputFileListPaths = (
				"${PODS_ROOT}/Target Support Files/Pods-FillTheGaps/Pods-FillTheGaps-resources-${CONFIGURATION}-output-files.xcfilelist",
			);
			runOnlyForDeploymentPostprocessing = 0;
			shellPath = /bin/sh;
			shellScript = "\"${PODS_ROOT}/Target Support Files/Pods-FillTheGaps/Pods-FillTheGaps-resources.sh\"\n";
			showEnvVarsInLog = 0;
		};
		3CD0A223CD8D8779DFB50481 /* [CP] Check Pods Manifest.lock */ = {
			isa = PBXShellScriptBuildPhase;
			buildActionMask = 2147483647;
			files = (
			);
			inputFileListPaths = (
			);
			inputPaths = (
				"${PODS_PODFILE_DIR_PATH}/Podfile.lock",
				"${PODS_ROOT}/Manifest.lock",
			);
			name = "[CP] Check Pods Manifest.lock";
			outputFileListPaths = (
			);
			outputPaths = (
				"$(DERIVED_FILE_DIR)/Pods-FillTheGaps-FillTheGapsUITests-checkManifestLockResult.txt",
			);
			runOnlyForDeploymentPostprocessing = 0;
			shellPath = /bin/sh;
			shellScript = "diff \"${PODS_PODFILE_DIR_PATH}/Podfile.lock\" \"${PODS_ROOT}/Manifest.lock\" > /dev/null\nif [ $? != 0 ] ; then\n    # print error to STDERR\n    echo \"error: The sandbox is not in sync with the Podfile.lock. Run 'pod install' or update your CocoaPods installation.\" >&2\n    exit 1\nfi\n# This output is used by Xcode 'outputs' to avoid re-running this script phase.\necho \"SUCCESS\" > \"${SCRIPT_OUTPUT_FILE_0}\"\n";
			showEnvVarsInLog = 0;
		};
		4BAFCB86E8E9217AE987CB2D /* [CP] Check Pods Manifest.lock */ = {
			isa = PBXShellScriptBuildPhase;
			buildActionMask = 2147483647;
			files = (
			);
			inputFileListPaths = (
			);
			inputPaths = (
				"${PODS_PODFILE_DIR_PATH}/Podfile.lock",
				"${PODS_ROOT}/Manifest.lock",
			);
			name = "[CP] Check Pods Manifest.lock";
			outputFileListPaths = (
			);
			outputPaths = (
				"$(DERIVED_FILE_DIR)/Pods-FillTheGaps-checkManifestLockResult.txt",
			);
			runOnlyForDeploymentPostprocessing = 0;
			shellPath = /bin/sh;
			shellScript = "diff \"${PODS_PODFILE_DIR_PATH}/Podfile.lock\" \"${PODS_ROOT}/Manifest.lock\" > /dev/null\nif [ $? != 0 ] ; then\n    # print error to STDERR\n    echo \"error: The sandbox is not in sync with the Podfile.lock. Run 'pod install' or update your CocoaPods installation.\" >&2\n    exit 1\nfi\n# This output is used by Xcode 'outputs' to avoid re-running this script phase.\necho \"SUCCESS\" > \"${SCRIPT_OUTPUT_FILE_0}\"\n";
			showEnvVarsInLog = 0;
		};
		A29A194952FD8D863E3A05F4 /* [CP] Embed Pods Frameworks */ = {
			isa = PBXShellScriptBuildPhase;
			buildActionMask = 2147483647;
			files = (
			);
			inputFileListPaths = (
				"${PODS_ROOT}/Target Support Files/Pods-FillTheGaps-FillTheGapsUITests/Pods-FillTheGaps-FillTheGapsUITests-frameworks-${CONFIGURATION}-input-files.xcfilelist",
			);
			name = "[CP] Embed Pods Frameworks";
			outputFileListPaths = (
				"${PODS_ROOT}/Target Support Files/Pods-FillTheGaps-FillTheGapsUITests/Pods-FillTheGaps-FillTheGapsUITests-frameworks-${CONFIGURATION}-output-files.xcfilelist",
			);
			runOnlyForDeploymentPostprocessing = 0;
			shellPath = /bin/sh;
			shellScript = "\"${PODS_ROOT}/Target Support Files/Pods-FillTheGaps-FillTheGapsUITests/Pods-FillTheGaps-FillTheGapsUITests-frameworks.sh\"\n";
			showEnvVarsInLog = 0;
		};
		B606EB3E2201B9BBB7A5EC6B /* [CP] Embed Pods Frameworks */ = {
			isa = PBXShellScriptBuildPhase;
			buildActionMask = 2147483647;
			files = (
			);
			inputFileListPaths = (
				"${PODS_ROOT}/Target Support Files/Pods-FillTheGaps/Pods-FillTheGaps-frameworks-${CONFIGURATION}-input-files.xcfilelist",
			);
			name = "[CP] Embed Pods Frameworks";
			outputFileListPaths = (
				"${PODS_ROOT}/Target Support Files/Pods-FillTheGaps/Pods-FillTheGaps-frameworks-${CONFIGURATION}-output-files.xcfilelist",
			);
			runOnlyForDeploymentPostprocessing = 0;
			shellPath = /bin/sh;
			shellScript = "\"${PODS_ROOT}/Target Support Files/Pods-FillTheGaps/Pods-FillTheGaps-frameworks.sh\"\n";
			showEnvVarsInLog = 0;
		};
		F29BAABB31F1534341079F64 /* [CP] Copy Pods Resources */ = {
			isa = PBXShellScriptBuildPhase;
			buildActionMask = 2147483647;
			files = (
			);
			inputFileListPaths = (
				"${PODS_ROOT}/Target Support Files/Pods-FillTheGaps-FillTheGapsUITests/Pods-FillTheGaps-FillTheGapsUITests-resources-${CONFIGURATION}-input-files.xcfilelist",
			);
			name = "[CP] Copy Pods Resources";
			outputFileListPaths = (
				"${PODS_ROOT}/Target Support Files/Pods-FillTheGaps-FillTheGapsUITests/Pods-FillTheGaps-FillTheGapsUITests-resources-${CONFIGURATION}-output-files.xcfilelist",
			);
			runOnlyForDeploymentPostprocessing = 0;
			shellPath = /bin/sh;
			shellScript = "\"${PODS_ROOT}/Target Support Files/Pods-FillTheGaps-FillTheGapsUITests/Pods-FillTheGaps-FillTheGapsUITests-resources.sh\"\n";
			showEnvVarsInLog = 0;
		};
		F6FE84B238E31D159670842A /* [CP] Check Pods Manifest.lock */ = {
			isa = PBXShellScriptBuildPhase;
			buildActionMask = 2147483647;
			files = (
			);
			inputFileListPaths = (
			);
			inputPaths = (
				"${PODS_PODFILE_DIR_PATH}/Podfile.lock",
				"${PODS_ROOT}/Manifest.lock",
			);
			name = "[CP] Check Pods Manifest.lock";
			outputFileListPaths = (
			);
			outputPaths = (
				"$(DERIVED_FILE_DIR)/Pods-FillTheGapsTests-checkManifestLockResult.txt",
			);
			runOnlyForDeploymentPostprocessing = 0;
			shellPath = /bin/sh;
			shellScript = "diff \"${PODS_PODFILE_DIR_PATH}/Podfile.lock\" \"${PODS_ROOT}/Manifest.lock\" > /dev/null\nif [ $? != 0 ] ; then\n    # print error to STDERR\n    echo \"error: The sandbox is not in sync with the Podfile.lock. Run 'pod install' or update your CocoaPods installation.\" >&2\n    exit 1\nfi\n# This output is used by Xcode 'outputs' to avoid re-running this script phase.\necho \"SUCCESS\" > \"${SCRIPT_OUTPUT_FILE_0}\"\n";
			showEnvVarsInLog = 0;
		};
/* End PBXShellScriptBuildPhase section */

/* Begin PBXSourcesBuildPhase section */
		F49FDEEF24C2113100DFC570 /* Sources */ = {
			isa = PBXSourcesBuildPhase;
			buildActionMask = 2147483647;
			files = (
				F49FDF2D24C218CF00DFC570 /* GoogleAuthenticationController.swift in Sources */,
				F4ED7AE324C4BA0B00D708A3 /* Calendar.swift in Sources */,
				F42B882124C4314000AB8B75 /* SessionReducer.swift in Sources */,
				F4D5D43B24C2DC40000A97B7 /* Event.swift in Sources */,
				F4763BAD24C312C200E50528 /* CreateEvent.swift in Sources */,
				F4ED7AE724C4BA6400D708A3 /* Calendar+GTLRCalendar_CalendarListEntry.swift in Sources */,
				F4D5D43D24C2DC98000A97B7 /* Event+GTLRCalendar_Event.swift in Sources */,
				F4763BB224C3262200E50528 /* EventReducer.swift in Sources */,
				F4D5D43424C2CCC8000A97B7 /* Logout.swift in Sources */,
				F483212924C22EAB0016D9FC /* GetCurrentUser.swift in Sources */,
				F49FDF2B24C2186A00DFC570 /* GoogleAuthenticationControllerWrapper.swift in Sources */,
				F483212B24C232BA0016D9FC /* GetCalendars.swift in Sources */,
				F4763BBA24C34F9B00E50528 /* AppReducer.swift in Sources */,
				F48825FC24C384E200E20E77 /* CalendarReducer.swift in Sources */,
				F49FDEF924C2113200DFC570 /* ListOfCalendarView.swift in Sources */,
				F4763BB024C31A1500E50528 /* RemoveEvent.swift in Sources */,
				F49FDEF724C2113200DFC570 /* FillTheGapsApp.swift in Sources */,
				F4D5D43824C2CF83000A97B7 /* ListOfEventsView.swift in Sources */,
				F4D5D43624C2CDC6000A97B7 /* GetCalendarEvents.swift in Sources */,
			);
			runOnlyForDeploymentPostprocessing = 0;
		};
		F49FDF0024C2113200DFC570 /* Sources */ = {
			isa = PBXSourcesBuildPhase;
			buildActionMask = 2147483647;
			files = (
				F49FDF0924C2113200DFC570 /* FillTheGapsTests.swift in Sources */,
			);
			runOnlyForDeploymentPostprocessing = 0;
		};
		F49FDF0B24C2113200DFC570 /* Sources */ = {
			isa = PBXSourcesBuildPhase;
			buildActionMask = 2147483647;
			files = (
				F49FDF1424C2113200DFC570 /* FillTheGapsUITests.swift in Sources */,
			);
			runOnlyForDeploymentPostprocessing = 0;
		};
/* End PBXSourcesBuildPhase section */

/* Begin PBXTargetDependency section */
		F49FDF0624C2113200DFC570 /* PBXTargetDependency */ = {
			isa = PBXTargetDependency;
			target = F49FDEF224C2113100DFC570 /* FillTheGaps */;
			targetProxy = F49FDF0524C2113200DFC570 /* PBXContainerItemProxy */;
		};
		F49FDF1124C2113200DFC570 /* PBXTargetDependency */ = {
			isa = PBXTargetDependency;
			target = F49FDEF224C2113100DFC570 /* FillTheGaps */;
			targetProxy = F49FDF1024C2113200DFC570 /* PBXContainerItemProxy */;
		};
/* End PBXTargetDependency section */

/* Begin XCBuildConfiguration section */
		F49FDF1624C2113200DFC570 /* Debug */ = {
			isa = XCBuildConfiguration;
			buildSettings = {
				ALWAYS_SEARCH_USER_PATHS = NO;
				CLANG_ANALYZER_NONNULL = YES;
				CLANG_ANALYZER_NUMBER_OBJECT_CONVERSION = YES_AGGRESSIVE;
				CLANG_CXX_LANGUAGE_STANDARD = "gnu++14";
				CLANG_CXX_LIBRARY = "libc++";
				CLANG_ENABLE_MODULES = YES;
				CLANG_ENABLE_OBJC_ARC = YES;
				CLANG_ENABLE_OBJC_WEAK = YES;
				CLANG_WARN_BLOCK_CAPTURE_AUTORELEASING = YES;
				CLANG_WARN_BOOL_CONVERSION = YES;
				CLANG_WARN_COMMA = YES;
				CLANG_WARN_CONSTANT_CONVERSION = YES;
				CLANG_WARN_DEPRECATED_OBJC_IMPLEMENTATIONS = YES;
				CLANG_WARN_DIRECT_OBJC_ISA_USAGE = YES_ERROR;
				CLANG_WARN_DOCUMENTATION_COMMENTS = YES;
				CLANG_WARN_EMPTY_BODY = YES;
				CLANG_WARN_ENUM_CONVERSION = YES;
				CLANG_WARN_INFINITE_RECURSION = YES;
				CLANG_WARN_INT_CONVERSION = YES;
				CLANG_WARN_NON_LITERAL_NULL_CONVERSION = YES;
				CLANG_WARN_OBJC_IMPLICIT_RETAIN_SELF = YES;
				CLANG_WARN_OBJC_LITERAL_CONVERSION = YES;
				CLANG_WARN_OBJC_ROOT_CLASS = YES_ERROR;
				CLANG_WARN_QUOTED_INCLUDE_IN_FRAMEWORK_HEADER = YES;
				CLANG_WARN_RANGE_LOOP_ANALYSIS = YES;
				CLANG_WARN_STRICT_PROTOTYPES = YES;
				CLANG_WARN_SUSPICIOUS_MOVE = YES;
				CLANG_WARN_UNGUARDED_AVAILABILITY = YES_AGGRESSIVE;
				CLANG_WARN_UNREACHABLE_CODE = YES;
				CLANG_WARN__DUPLICATE_METHOD_MATCH = YES;
				COPY_PHASE_STRIP = NO;
				DEBUG_INFORMATION_FORMAT = dwarf;
				ENABLE_STRICT_OBJC_MSGSEND = YES;
				ENABLE_TESTABILITY = YES;
				GCC_C_LANGUAGE_STANDARD = gnu11;
				GCC_DYNAMIC_NO_PIC = NO;
				GCC_NO_COMMON_BLOCKS = YES;
				GCC_OPTIMIZATION_LEVEL = 0;
				GCC_PREPROCESSOR_DEFINITIONS = (
					"DEBUG=1",
					"$(inherited)",
				);
				GCC_WARN_64_TO_32_BIT_CONVERSION = YES;
				GCC_WARN_ABOUT_RETURN_TYPE = YES_ERROR;
				GCC_WARN_UNDECLARED_SELECTOR = YES;
				GCC_WARN_UNINITIALIZED_AUTOS = YES_AGGRESSIVE;
				GCC_WARN_UNUSED_FUNCTION = YES;
				GCC_WARN_UNUSED_VARIABLE = YES;
				IPHONEOS_DEPLOYMENT_TARGET = 14.0;
				MTL_ENABLE_DEBUG_INFO = INCLUDE_SOURCE;
				MTL_FAST_MATH = YES;
				ONLY_ACTIVE_ARCH = YES;
				SDKROOT = iphoneos;
				SWIFT_ACTIVE_COMPILATION_CONDITIONS = DEBUG;
				SWIFT_OPTIMIZATION_LEVEL = "-Onone";
			};
			name = Debug;
		};
		F49FDF1724C2113200DFC570 /* Release */ = {
			isa = XCBuildConfiguration;
			buildSettings = {
				ALWAYS_SEARCH_USER_PATHS = NO;
				CLANG_ANALYZER_NONNULL = YES;
				CLANG_ANALYZER_NUMBER_OBJECT_CONVERSION = YES_AGGRESSIVE;
				CLANG_CXX_LANGUAGE_STANDARD = "gnu++14";
				CLANG_CXX_LIBRARY = "libc++";
				CLANG_ENABLE_MODULES = YES;
				CLANG_ENABLE_OBJC_ARC = YES;
				CLANG_ENABLE_OBJC_WEAK = YES;
				CLANG_WARN_BLOCK_CAPTURE_AUTORELEASING = YES;
				CLANG_WARN_BOOL_CONVERSION = YES;
				CLANG_WARN_COMMA = YES;
				CLANG_WARN_CONSTANT_CONVERSION = YES;
				CLANG_WARN_DEPRECATED_OBJC_IMPLEMENTATIONS = YES;
				CLANG_WARN_DIRECT_OBJC_ISA_USAGE = YES_ERROR;
				CLANG_WARN_DOCUMENTATION_COMMENTS = YES;
				CLANG_WARN_EMPTY_BODY = YES;
				CLANG_WARN_ENUM_CONVERSION = YES;
				CLANG_WARN_INFINITE_RECURSION = YES;
				CLANG_WARN_INT_CONVERSION = YES;
				CLANG_WARN_NON_LITERAL_NULL_CONVERSION = YES;
				CLANG_WARN_OBJC_IMPLICIT_RETAIN_SELF = YES;
				CLANG_WARN_OBJC_LITERAL_CONVERSION = YES;
				CLANG_WARN_OBJC_ROOT_CLASS = YES_ERROR;
				CLANG_WARN_QUOTED_INCLUDE_IN_FRAMEWORK_HEADER = YES;
				CLANG_WARN_RANGE_LOOP_ANALYSIS = YES;
				CLANG_WARN_STRICT_PROTOTYPES = YES;
				CLANG_WARN_SUSPICIOUS_MOVE = YES;
				CLANG_WARN_UNGUARDED_AVAILABILITY = YES_AGGRESSIVE;
				CLANG_WARN_UNREACHABLE_CODE = YES;
				CLANG_WARN__DUPLICATE_METHOD_MATCH = YES;
				COPY_PHASE_STRIP = NO;
				DEBUG_INFORMATION_FORMAT = "dwarf-with-dsym";
				ENABLE_NS_ASSERTIONS = NO;
				ENABLE_STRICT_OBJC_MSGSEND = YES;
				GCC_C_LANGUAGE_STANDARD = gnu11;
				GCC_NO_COMMON_BLOCKS = YES;
				GCC_WARN_64_TO_32_BIT_CONVERSION = YES;
				GCC_WARN_ABOUT_RETURN_TYPE = YES_ERROR;
				GCC_WARN_UNDECLARED_SELECTOR = YES;
				GCC_WARN_UNINITIALIZED_AUTOS = YES_AGGRESSIVE;
				GCC_WARN_UNUSED_FUNCTION = YES;
				GCC_WARN_UNUSED_VARIABLE = YES;
				IPHONEOS_DEPLOYMENT_TARGET = 14.0;
				MTL_ENABLE_DEBUG_INFO = NO;
				MTL_FAST_MATH = YES;
				SDKROOT = iphoneos;
				SWIFT_COMPILATION_MODE = wholemodule;
				SWIFT_OPTIMIZATION_LEVEL = "-O";
				VALIDATE_PRODUCT = YES;
			};
			name = Release;
		};
		F49FDF1924C2113200DFC570 /* Debug */ = {
			isa = XCBuildConfiguration;
			baseConfigurationReference = F07D334E09CDF15B7F377402 /* Pods-FillTheGaps.debug.xcconfig */;
			buildSettings = {
				ASSETCATALOG_COMPILER_APPICON_NAME = AppIcon;
				ASSETCATALOG_COMPILER_GLOBAL_ACCENT_COLOR_NAME = AccentColor;
				CLANG_ENABLE_MODULES = YES;
				CODE_SIGN_STYLE = Automatic;
				DEVELOPMENT_ASSET_PATHS = "\"FillTheGaps/Preview Content\"";
				DEVELOPMENT_TEAM = 9MWQQ54CZQ;
				ENABLE_PREVIEWS = YES;
				INFOPLIST_FILE = FillTheGaps/Info.plist;
				IPHONEOS_DEPLOYMENT_TARGET = 14.0;
				LD_RUNPATH_SEARCH_PATHS = (
					"$(inherited)",
					"@executable_path/Frameworks",
				);
				PRODUCT_BUNDLE_IDENTIFIER = com.albertomoral.FillTheGaps;
				PRODUCT_NAME = "$(TARGET_NAME)";
				SWIFT_OBJC_BRIDGING_HEADER = "FillTheGaps/GoogleAuthentication/View/FillTheGaps-Bridging-Header.h";
				SWIFT_OPTIMIZATION_LEVEL = "-Onone";
				SWIFT_VERSION = 5.0;
				TARGETED_DEVICE_FAMILY = "1,2";
			};
			name = Debug;
		};
		F49FDF1A24C2113200DFC570 /* Release */ = {
			isa = XCBuildConfiguration;
			baseConfigurationReference = ACB66D09034D545915B246CB /* Pods-FillTheGaps.release.xcconfig */;
			buildSettings = {
				ASSETCATALOG_COMPILER_APPICON_NAME = AppIcon;
				ASSETCATALOG_COMPILER_GLOBAL_ACCENT_COLOR_NAME = AccentColor;
				CLANG_ENABLE_MODULES = YES;
				CODE_SIGN_STYLE = Automatic;
				DEVELOPMENT_ASSET_PATHS = "\"FillTheGaps/Preview Content\"";
				DEVELOPMENT_TEAM = 9MWQQ54CZQ;
				ENABLE_PREVIEWS = YES;
				INFOPLIST_FILE = FillTheGaps/Info.plist;
				IPHONEOS_DEPLOYMENT_TARGET = 14.0;
				LD_RUNPATH_SEARCH_PATHS = (
					"$(inherited)",
					"@executable_path/Frameworks",
				);
				PRODUCT_BUNDLE_IDENTIFIER = com.albertomoral.FillTheGaps;
				PRODUCT_NAME = "$(TARGET_NAME)";
				SWIFT_OBJC_BRIDGING_HEADER = "FillTheGaps/GoogleAuthentication/View/FillTheGaps-Bridging-Header.h";
				SWIFT_VERSION = 5.0;
				TARGETED_DEVICE_FAMILY = "1,2";
			};
			name = Release;
		};
		F49FDF1C24C2113200DFC570 /* Debug */ = {
			isa = XCBuildConfiguration;
			baseConfigurationReference = 6618DBD540ACD35A11639788 /* Pods-FillTheGapsTests.debug.xcconfig */;
			buildSettings = {
				ALWAYS_EMBED_SWIFT_STANDARD_LIBRARIES = YES;
				BUNDLE_LOADER = "$(TEST_HOST)";
				CODE_SIGN_STYLE = Automatic;
				DEVELOPMENT_TEAM = 9MWQQ54CZQ;
				INFOPLIST_FILE = FillTheGapsTests/Info.plist;
				IPHONEOS_DEPLOYMENT_TARGET = 14.0;
				LD_RUNPATH_SEARCH_PATHS = (
					"$(inherited)",
					"@executable_path/Frameworks",
					"@loader_path/Frameworks",
				);
				PRODUCT_BUNDLE_IDENTIFIER = com.albertomoral.FillTheGapsTests;
				PRODUCT_NAME = "$(TARGET_NAME)";
				SWIFT_VERSION = 5.0;
				TARGETED_DEVICE_FAMILY = "1,2";
				TEST_HOST = "$(BUILT_PRODUCTS_DIR)/FillTheGaps.app/FillTheGaps";
			};
			name = Debug;
		};
		F49FDF1D24C2113200DFC570 /* Release */ = {
			isa = XCBuildConfiguration;
			baseConfigurationReference = B71B5487132863EF72279DBA /* Pods-FillTheGapsTests.release.xcconfig */;
			buildSettings = {
				ALWAYS_EMBED_SWIFT_STANDARD_LIBRARIES = YES;
				BUNDLE_LOADER = "$(TEST_HOST)";
				CODE_SIGN_STYLE = Automatic;
				DEVELOPMENT_TEAM = 9MWQQ54CZQ;
				INFOPLIST_FILE = FillTheGapsTests/Info.plist;
				IPHONEOS_DEPLOYMENT_TARGET = 14.0;
				LD_RUNPATH_SEARCH_PATHS = (
					"$(inherited)",
					"@executable_path/Frameworks",
					"@loader_path/Frameworks",
				);
				PRODUCT_BUNDLE_IDENTIFIER = com.albertomoral.FillTheGapsTests;
				PRODUCT_NAME = "$(TARGET_NAME)";
				SWIFT_VERSION = 5.0;
				TARGETED_DEVICE_FAMILY = "1,2";
				TEST_HOST = "$(BUILT_PRODUCTS_DIR)/FillTheGaps.app/FillTheGaps";
			};
			name = Release;
		};
		F49FDF1F24C2113200DFC570 /* Debug */ = {
			isa = XCBuildConfiguration;
			baseConfigurationReference = B7BE5EFD08516CCFD26E6DD6 /* Pods-FillTheGaps-FillTheGapsUITests.debug.xcconfig */;
			buildSettings = {
				ALWAYS_EMBED_SWIFT_STANDARD_LIBRARIES = YES;
				CODE_SIGN_STYLE = Automatic;
				DEVELOPMENT_TEAM = 9MWQQ54CZQ;
				INFOPLIST_FILE = FillTheGapsUITests/Info.plist;
				LD_RUNPATH_SEARCH_PATHS = (
					"$(inherited)",
					"@executable_path/Frameworks",
					"@loader_path/Frameworks",
				);
				PRODUCT_BUNDLE_IDENTIFIER = com.albertomoral.FillTheGapsUITests;
				PRODUCT_NAME = "$(TARGET_NAME)";
				SWIFT_VERSION = 5.0;
				TARGETED_DEVICE_FAMILY = "1,2";
				TEST_TARGET_NAME = FillTheGaps;
			};
			name = Debug;
		};
		F49FDF2024C2113200DFC570 /* Release */ = {
			isa = XCBuildConfiguration;
			baseConfigurationReference = 0AF38598EBB200A188363F29 /* Pods-FillTheGaps-FillTheGapsUITests.release.xcconfig */;
			buildSettings = {
				ALWAYS_EMBED_SWIFT_STANDARD_LIBRARIES = YES;
				CODE_SIGN_STYLE = Automatic;
				DEVELOPMENT_TEAM = 9MWQQ54CZQ;
				INFOPLIST_FILE = FillTheGapsUITests/Info.plist;
				LD_RUNPATH_SEARCH_PATHS = (
					"$(inherited)",
					"@executable_path/Frameworks",
					"@loader_path/Frameworks",
				);
				PRODUCT_BUNDLE_IDENTIFIER = com.albertomoral.FillTheGapsUITests;
				PRODUCT_NAME = "$(TARGET_NAME)";
				SWIFT_VERSION = 5.0;
				TARGETED_DEVICE_FAMILY = "1,2";
				TEST_TARGET_NAME = FillTheGaps;
			};
			name = Release;
		};
/* End XCBuildConfiguration section */

/* Begin XCConfigurationList section */
		F49FDEEE24C2113100DFC570 /* Build configuration list for PBXProject "FillTheGaps" */ = {
			isa = XCConfigurationList;
			buildConfigurations = (
				F49FDF1624C2113200DFC570 /* Debug */,
				F49FDF1724C2113200DFC570 /* Release */,
			);
			defaultConfigurationIsVisible = 0;
			defaultConfigurationName = Release;
		};
		F49FDF1824C2113200DFC570 /* Build configuration list for PBXNativeTarget "FillTheGaps" */ = {
			isa = XCConfigurationList;
			buildConfigurations = (
				F49FDF1924C2113200DFC570 /* Debug */,
				F49FDF1A24C2113200DFC570 /* Release */,
			);
			defaultConfigurationIsVisible = 0;
			defaultConfigurationName = Release;
		};
		F49FDF1B24C2113200DFC570 /* Build configuration list for PBXNativeTarget "FillTheGapsTests" */ = {
			isa = XCConfigurationList;
			buildConfigurations = (
				F49FDF1C24C2113200DFC570 /* Debug */,
				F49FDF1D24C2113200DFC570 /* Release */,
			);
			defaultConfigurationIsVisible = 0;
			defaultConfigurationName = Release;
		};
		F49FDF1E24C2113200DFC570 /* Build configuration list for PBXNativeTarget "FillTheGapsUITests" */ = {
			isa = XCConfigurationList;
			buildConfigurations = (
				F49FDF1F24C2113200DFC570 /* Debug */,
				F49FDF2024C2113200DFC570 /* Release */,
			);
			defaultConfigurationIsVisible = 0;
			defaultConfigurationName = Release;
		};
/* End XCConfigurationList section */

/* Begin XCRemoteSwiftPackageReference section */
		F49FDF2124C2124000DFC570 /* XCRemoteSwiftPackageReference "swift-composable-architecture" */ = {
			isa = XCRemoteSwiftPackageReference;
			repositoryURL = "https://github.com/MoralAlberto/swift-composable-architecture";
			requirement = {
				kind = revision;
				revision = 739cf04b43bca80003904e4ae30d290333d9107f;
			};
		};
/* End XCRemoteSwiftPackageReference section */

/* Begin XCSwiftPackageProductDependency section */
		F49FDF2224C2124000DFC570 /* ComposableArchitecture */ = {
			isa = XCSwiftPackageProductDependency;
			package = F49FDF2124C2124000DFC570 /* XCRemoteSwiftPackageReference "swift-composable-architecture" */;
			productName = ComposableArchitecture;
		};
/* End XCSwiftPackageProductDependency section */
	};
	rootObject = F49FDEEB24C2113100DFC570 /* Project object */;
}
