{
  "object": {
    "pins": [
      {
        "package": "combine-schedulers",
        "repositoryURL": "https://github.com/pointfreeco/combine-schedulers",
        "state": {
          "branch": null,
          "revision": "ff42ec9061d864de7982162011321d3df5080c10",
          "version": "0.1.2"
        }
      },
      {
        "package": "swift-case-paths",
        "repositoryURL": "https://github.com/pointfreeco/swift-case-paths",
        "state": {
          "branch": null,
          "revision": "fb733d87aabb5b053ad782902f2f3d67e0a65ac5",
          "version": "0.1.1"
        }
      },
      {
        "package": "swift-composable-architecture",
        "repositoryURL": "https://github.com/MoralAlberto/swift-composable-architecture",
        "state": {
          "branch": null,
          "revision": "739cf04b43bca80003904e4ae30d290333d9107f",
          "version": null
        }
      }
    ]
  },
  "version": 1
}
